
Microsoft Visual Studio Solution File, Format Version 12.00
# Visual Studio Version 17
VisualStudioVersion = 17.5.33424.131
MinimumVisualStudioVersion = 10.0.40219.1
Project("{FAE04EC0-301F-11D3-BF4B-00C04F79EFBC}") = "LAB01", "LAB01\LAB01.csproj", "{8D79C05E-2321-4ABA-A500-C7454D98A95E}"
EndProject
Global
	GlobalSection(SolutionConfigurationPlatforms) = preSolution
		Debug|Any CPU = Debug|Any CPU
		Release|Any CPU = Release|Any CPU
	EndGlobalSection
	GlobalSection(ProjectConfigurationPlatforms) = postSolution
		{8D79C05E-2321-4ABA-A500-C7454D98A95E}.Debug|Any CPU.ActiveCfg = Debug|Any CPU
		{8D79C05E-2321-4ABA-A500-C7454D98A95E}.Debug|Any CPU.Build.0 = Debug|Any CPU
		{8D79C05E-2321-4ABA-A500-C7454D98A95E}.Release|Any CPU.ActiveCfg = Release|Any CPU
		{8D79C05E-2321-4ABA-A500-C7454D98A95E}.Release|Any CPU.Build.0 = Release|Any CPU
	EndGlobalSection
	GlobalSection(SolutionProperties) = preSolution
		HideSolutionNode = FALSE
	EndGlobalSection
	GlobalSection(ExtensibilityGlobals) = postSolution
		SolutionGuid = {BDE04600-0B78-4D87-967D-80BB6F0B45A7}
	EndGlobalSection
EndGlobal
