
Microsoft Visual Studio Solution File, Format Version 12.00
# Visual Studio Version 17
VisualStudioVersion = 17.5.33424.131
MinimumVisualStudioVersion = 10.0.40219.1
Project("{9A19103F-16F7-4668-BE54-9A1E7A4F7556}") = "Client", "Week3\Client.csproj", "{642BA232-481C-44C8-B134-7C2D9639931A}"
EndProject
Project("{9A19103F-16F7-4668-BE54-9A1E7A4F7556}") = "Server", "Server\Server.csproj", "{192C6DAE-B319-41C7-B8AF-358F7BBF2A24}"
EndProject
Global
	GlobalSection(SolutionConfigurationPlatforms) = preSolution
		Debug|Any CPU = Debug|Any CPU
		Release|Any CPU = Release|Any CPU
	EndGlobalSection
	GlobalSection(ProjectConfigurationPlatforms) = postSolution
		{642BA232-481C-44C8-B134-7C2D9639931A}.Debug|Any CPU.ActiveCfg = Debug|Any CPU
		{642BA232-481C-44C8-B134-7C2D9639931A}.Debug|Any CPU.Build.0 = Debug|Any CPU
		{642BA232-481C-44C8-B134-7C2D9639931A}.Release|Any CPU.ActiveCfg = Release|Any CPU
		{642BA232-481C-44C8-B134-7C2D9639931A}.Release|Any CPU.Build.0 = Release|Any CPU
		{192C6DAE-B319-41C7-B8AF-358F7BBF2A24}.Debug|Any CPU.ActiveCfg = Debug|Any CPU
		{192C6DAE-B319-41C7-B8AF-358F7BBF2A24}.Debug|Any CPU.Build.0 = Debug|Any CPU
		{192C6DAE-B319-41C7-B8AF-358F7BBF2A24}.Release|Any CPU.ActiveCfg = Release|Any CPU
		{192C6DAE-B319-41C7-B8AF-358F7BBF2A24}.Release|Any CPU.Build.0 = Release|Any CPU
	EndGlobalSection
	GlobalSection(SolutionProperties) = preSolution
		HideSolutionNode = FALSE
	EndGlobalSection
	GlobalSection(ExtensibilityGlobals) = postSolution
		SolutionGuid = {B23E1DD3-4BA4-4A75-96F7-A035C127CE1F}
	EndGlobalSection
EndGlobal
